
Microsoft Visual Studio Solution File, Format Version 12.00
# Visual Studio Version 17
VisualStudioVersion = 17.3.32825.248
MinimumVisualStudioVersion = 10.0.40219.1
Project("{FAE04EC0-301F-11D3-BF4B-00C04F79EFBC}") = "HardLaba1", "HardLaba1\HardLaba1.csproj", "{2F8B1CBB-3F8F-4B60-9A00-61F9821C0373}"
EndProject
Global
	GlobalSection(SolutionConfigurationPlatforms) = preSolution
		Debug|Any CPU = Debug|Any CPU
		Release|Any CPU = Release|Any CPU
	EndGlobalSection
	GlobalSection(ProjectConfigurationPlatforms) = postSolution
		{2F8B1CBB-3F8F-4B60-9A00-61F9821C0373}.Debug|Any CPU.ActiveCfg = Debug|Any CPU
		{2F8B1CBB-3F8F-4B60-9A00-61F9821C0373}.Debug|Any CPU.Build.0 = Debug|Any CPU
		{2F8B1CBB-3F8F-4B60-9A00-61F9821C0373}.Release|Any CPU.ActiveCfg = Release|Any CPU
		{2F8B1CBB-3F8F-4B60-9A00-61F9821C0373}.Release|Any CPU.Build.0 = Release|Any CPU
	EndGlobalSection
	GlobalSection(SolutionProperties) = preSolution
		HideSolutionNode = FALSE
	EndGlobalSection
	GlobalSection(ExtensibilityGlobals) = postSolution
		SolutionGuid = {239A20EA-242C-4B5F-BEA6-9E06E836AA3E}
	EndGlobalSection
EndGlobal
